{
  "version": 4,
  "terraform_version": "1.2.2",
  "serial": 26,
  "lineage": "741d5e78-478a-f27a-cc11-1572f49b30eb",
  "outputs": {
    "app-repository-ARN": {
      "value": "arn:aws:ecr:eu-west-1:407018653854:repository/python-api",
      "type": "string"
    },
    "app-repository-URL": {
      "value": "407018653854.dkr.ecr.eu-west-1.amazonaws.com/python-api",
      "type": "string"
    }
  },
  "resources": [
    {
      "module": "module.ecr",
      "mode": "managed",
      "type": "aws_ecr_repository",
      "name": "this",
      "provider": "provider[\"registry.terraform.io/hashicorp/aws\"]",
      "instances": [
        {
          "schema_version": 0,
          "attributes": {
            "arn": "arn:aws:ecr:eu-west-1:407018653854:repository/python-api",
            "encryption_configuration": [
              {
                "encryption_type": "AES256",
                "kms_key": ""
              }
            ],
            "force_delete": null,
            "id": "python-api",
            "image_scanning_configuration": [
              {
                "scan_on_push": false
              }
            ],
            "image_tag_mutability": "MUTABLE",
            "name": "python-api",
            "registry_id": "407018653854",
            "repository_url": "407018653854.dkr.ecr.eu-west-1.amazonaws.com/python-api",
            "tags": {},
            "tags_all": {},
            "timeouts": null
          },
          "sensitive_attributes": [],
          "private": "eyJlMmJmYjczMC1lY2FhLTExZTYtOGY4OC0zNDM2M2JjN2M0YzAiOnsiZGVsZXRlIjoxMjAwMDAwMDAwMDAwfX0="
        }
      ]
    }
  ]
}
